
Microsoft Visual Studio Solution File, Format Version 12.00
# Visual Studio 15
VisualStudioVersion = 15.0.26228.4
MinimumVisualStudioVersion = 10.0.40219.1
Project("{2150E333-8FDC-42A3-9474-1A3956D46DE8}") = "Plugins", "Plugins", "{D5D0C562-1E66-4BCC-99DE-0AD1C68F80D2}"
EndProject
Project("{2150E333-8FDC-42A3-9474-1A3956D46DE8}") = "DAL", "DAL", "{AEAC2679-1B2A-4B23-868F-E72D2317CA3F}"
EndProject
Project("{2150E333-8FDC-42A3-9474-1A3956D46DE8}") = "Application", "Application", "{DA4CAE16-2F55-4F4E-A838-A8E9849DB568}"
EndProject
Project("{FAE04EC0-301F-11D3-BF4B-00C04F79EFBC}") = "Database", "Components\DAL\Database\Database.csproj", "{91CCADE0-79BF-49B7-A15F-76FAE5087C38}"
EndProject
Project("{FAE04EC0-301F-11D3-BF4B-00C04F79EFBC}") = "Entities", "Components\DAL\DTO\Entities.csproj", "{A7BB5EFA-A0E1-4BF1-BA1E-16032A04405D}"
EndProject
Project("{FAE04EC0-301F-11D3-BF4B-00C04F79EFBC}") = "Repositories", "Components\DAL\Repositories\Repositories.csproj", "{46F33E41-41D6-4A01-84A8-F601E0822596}"
EndProject
Project("{FAE04EC0-301F-11D3-BF4B-00C04F79EFBC}") = "CalculatorPlugin", "Plugins\CalculatorPlugin\CalculatorPlugin.csproj", "{084E6CC2-90AB-41E7-A663-5075C99D7C1D}"
EndProject
Project("{FAE04EC0-301F-11D3-BF4B-00C04F79EFBC}") = "PdfExporterPlugin", "Plugins\PdfExporterPlugin\PdfExporterPlugin.csproj", "{D0120FA9-83C7-4134-9ADB-02095F548DB5}"
EndProject
Project("{FAE04EC0-301F-11D3-BF4B-00C04F79EFBC}") = "XmlParserPlugin", "Plugins\XmlParsingPlugin\XmlParserPlugin.csproj", "{75F1460F-702C-40A4-9C76-E4932BD53353}"
EndProject
Project("{FAE04EC0-301F-11D3-BF4B-00C04F79EFBC}") = "LocalClient", "App\LocalClient.csproj", "{7F43A021-8799-4A63-A6D3-2CA29D4FABEB}"
EndProject
Project("{2150E333-8FDC-42A3-9474-1A3956D46DE8}") = "Components", "Components", "{F32C866C-E78E-40FB-8C8F-BCB1DDB24F8E}"
EndProject
Project("{2150E333-8FDC-42A3-9474-1A3956D46DE8}") = "Tests", "Tests", "{46126DD0-F052-44A4-9055-B5C64CF25468}"
EndProject
Project("{2150E333-8FDC-42A3-9474-1A3956D46DE8}") = "Validation", "Validation", "{5849F365-5F9A-4CAB-BADC-A2A94481307B}"
EndProject
Project("{FAE04EC0-301F-11D3-BF4B-00C04F79EFBC}") = "Abstraction", "Components\Core\Abstraction\Abstraction.csproj", "{6CCBC3E6-FDBB-4154-900B-36C4E351CD91}"
EndProject
Project("{FAE04EC0-301F-11D3-BF4B-00C04F79EFBC}") = "Interfaces", "Components\Core\Interfaces\Interfaces.csproj", "{7B410779-FD59-4A18-8103-F5C34009BE1F}"
EndProject
Project("{2150E333-8FDC-42A3-9474-1A3956D46DE8}") = "Core", "Core", "{24B6E1F2-11C5-4D60-B8DA-7CFE01D5C742}"
EndProject
Project("{FAE04EC0-301F-11D3-BF4B-00C04F79EFBC}") = "ValidationComponent", "Components\Validation\ValidationComponent\ValidationComponent.csproj", "{2FE88D9E-16BE-4C6D-8390-EFC7086E5D5F}"
EndProject
Project("{FAE04EC0-301F-11D3-BF4B-00C04F79EFBC}") = "PluginTests", "Tests\PluginTests\PluginTests.csproj", "{37367CA3-25A7-4211-9380-A89C5489C932}"
EndProject
Project("{FAE04EC0-301F-11D3-BF4B-00C04F79EFBC}") = "ComponentTests", "Tests\ComponentTests\ComponentTests.csproj", "{B9224A71-0CBF-49F7-A0C5-97861F647153}"
EndProject
Project("{2150E333-8FDC-42A3-9474-1A3956D46DE8}") = "Authentication", "Authentication", "{AC238CBD-8026-4F9A-8E19-5B519E2B6CF8}"
EndProject
Project("{2150E333-8FDC-42A3-9474-1A3956D46DE8}") = "Authorization", "Authorization", "{8C92CE22-382C-4AE4-A9C0-A9DC1F3B7183}"
EndProject
Project("{FAE04EC0-301F-11D3-BF4B-00C04F79EFBC}") = "AuthenticationComponent", "Components\Authentication\AuthenticationComponent\AuthenticationComponent.csproj", "{4C47F696-B412-4170-B874-F730D7C213DD}"
EndProject
Project("{FAE04EC0-301F-11D3-BF4B-00C04F79EFBC}") = "AuthorizationComponent", "Components\Authorization\AuthorizationComponent\AuthorizationComponent.csproj", "{51B6C6F7-C353-4A63-A402-08C6CF970190}"
EndProject
Project("{2150E333-8FDC-42A3-9474-1A3956D46DE8}") = "Commands", "Commands", "{32C16B17-2AA8-4E3F-A9C7-0C705229E925}"
EndProject
Project("{2150E333-8FDC-42A3-9474-1A3956D46DE8}") = "Controllers", "Controllers", "{FC3D0CEF-79FE-49CF-B388-8C9B36D8A396}"
EndProject
Project("{FAE04EC0-301F-11D3-BF4B-00C04F79EFBC}") = "Commands", "Components\Commands\Commands\Commands.csproj", "{CE7BA4D1-F850-4232-A495-C2888EA96FBE}"
EndProject
Project("{FAE04EC0-301F-11D3-BF4B-00C04F79EFBC}") = "CoreControllers", "Components\Controllers\CoreControllers\CoreControllers.csproj", "{565A4433-C422-47E5-9A9E-99B5C754745C}"
EndProject
Project("{2150E333-8FDC-42A3-9474-1A3956D46DE8}") = "Services", "Services", "{FA43DDA5-3A21-4991-9F37-9AF873BD2AF7}"
EndProject
Project("{FAE04EC0-301F-11D3-BF4B-00C04F79EFBC}") = "System", "Components\Core\System\System.csproj", "{5322C515-5100-42BA-A9EF-4BBA945DA112}"
EndProject
Project("{FAE04EC0-301F-11D3-BF4B-00C04F79EFBC}") = "FileComponent", "Components\Core\FileComponent\FileComponent.csproj", "{0EFFB0EB-FC04-4022-8FE6-8F2C250DEAE8}"
EndProject
Project("{FAE04EC0-301F-11D3-BF4B-00C04F79EFBC}") = "Serialization", "Components\Core\Parsers\Serialization.csproj", "{2E37371B-9790-42EF-8CA9-BA759CB21A31}"
EndProject
Global
	GlobalSection(SolutionConfigurationPlatforms) = preSolution
		Debug|Any CPU = Debug|Any CPU
		Release|Any CPU = Release|Any CPU
	EndGlobalSection
	GlobalSection(ProjectConfigurationPlatforms) = postSolution
		{91CCADE0-79BF-49B7-A15F-76FAE5087C38}.Debug|Any CPU.ActiveCfg = Debug|Any CPU
		{91CCADE0-79BF-49B7-A15F-76FAE5087C38}.Debug|Any CPU.Build.0 = Debug|Any CPU
		{91CCADE0-79BF-49B7-A15F-76FAE5087C38}.Release|Any CPU.ActiveCfg = Release|Any CPU
		{91CCADE0-79BF-49B7-A15F-76FAE5087C38}.Release|Any CPU.Build.0 = Release|Any CPU
		{A7BB5EFA-A0E1-4BF1-BA1E-16032A04405D}.Debug|Any CPU.ActiveCfg = Debug|Any CPU
		{A7BB5EFA-A0E1-4BF1-BA1E-16032A04405D}.Debug|Any CPU.Build.0 = Debug|Any CPU
		{A7BB5EFA-A0E1-4BF1-BA1E-16032A04405D}.Release|Any CPU.ActiveCfg = Release|Any CPU
		{A7BB5EFA-A0E1-4BF1-BA1E-16032A04405D}.Release|Any CPU.Build.0 = Release|Any CPU
		{46F33E41-41D6-4A01-84A8-F601E0822596}.Debug|Any CPU.ActiveCfg = Debug|Any CPU
		{46F33E41-41D6-4A01-84A8-F601E0822596}.Debug|Any CPU.Build.0 = Debug|Any CPU
		{46F33E41-41D6-4A01-84A8-F601E0822596}.Release|Any CPU.ActiveCfg = Release|Any CPU
		{46F33E41-41D6-4A01-84A8-F601E0822596}.Release|Any CPU.Build.0 = Release|Any CPU
		{084E6CC2-90AB-41E7-A663-5075C99D7C1D}.Debug|Any CPU.ActiveCfg = Debug|Any CPU
		{084E6CC2-90AB-41E7-A663-5075C99D7C1D}.Debug|Any CPU.Build.0 = Debug|Any CPU
		{084E6CC2-90AB-41E7-A663-5075C99D7C1D}.Release|Any CPU.ActiveCfg = Release|Any CPU
		{084E6CC2-90AB-41E7-A663-5075C99D7C1D}.Release|Any CPU.Build.0 = Release|Any CPU
		{D0120FA9-83C7-4134-9ADB-02095F548DB5}.Debug|Any CPU.ActiveCfg = Debug|Any CPU
		{D0120FA9-83C7-4134-9ADB-02095F548DB5}.Debug|Any CPU.Build.0 = Debug|Any CPU
		{D0120FA9-83C7-4134-9ADB-02095F548DB5}.Release|Any CPU.ActiveCfg = Release|Any CPU
		{D0120FA9-83C7-4134-9ADB-02095F548DB5}.Release|Any CPU.Build.0 = Release|Any CPU
		{75F1460F-702C-40A4-9C76-E4932BD53353}.Debug|Any CPU.ActiveCfg = Debug|Any CPU
		{75F1460F-702C-40A4-9C76-E4932BD53353}.Debug|Any CPU.Build.0 = Debug|Any CPU
		{75F1460F-702C-40A4-9C76-E4932BD53353}.Release|Any CPU.ActiveCfg = Release|Any CPU
		{75F1460F-702C-40A4-9C76-E4932BD53353}.Release|Any CPU.Build.0 = Release|Any CPU
		{7F43A021-8799-4A63-A6D3-2CA29D4FABEB}.Debug|Any CPU.ActiveCfg = Debug|Any CPU
		{7F43A021-8799-4A63-A6D3-2CA29D4FABEB}.Debug|Any CPU.Build.0 = Debug|Any CPU
		{7F43A021-8799-4A63-A6D3-2CA29D4FABEB}.Release|Any CPU.ActiveCfg = Release|Any CPU
		{7F43A021-8799-4A63-A6D3-2CA29D4FABEB}.Release|Any CPU.Build.0 = Release|Any CPU
		{6CCBC3E6-FDBB-4154-900B-36C4E351CD91}.Debug|Any CPU.ActiveCfg = Debug|Any CPU
		{6CCBC3E6-FDBB-4154-900B-36C4E351CD91}.Debug|Any CPU.Build.0 = Debug|Any CPU
		{6CCBC3E6-FDBB-4154-900B-36C4E351CD91}.Release|Any CPU.ActiveCfg = Release|Any CPU
		{6CCBC3E6-FDBB-4154-900B-36C4E351CD91}.Release|Any CPU.Build.0 = Release|Any CPU
		{7B410779-FD59-4A18-8103-F5C34009BE1F}.Debug|Any CPU.ActiveCfg = Debug|Any CPU
		{7B410779-FD59-4A18-8103-F5C34009BE1F}.Debug|Any CPU.Build.0 = Debug|Any CPU
		{7B410779-FD59-4A18-8103-F5C34009BE1F}.Release|Any CPU.ActiveCfg = Release|Any CPU
		{7B410779-FD59-4A18-8103-F5C34009BE1F}.Release|Any CPU.Build.0 = Release|Any CPU
		{2FE88D9E-16BE-4C6D-8390-EFC7086E5D5F}.Debug|Any CPU.ActiveCfg = Debug|Any CPU
		{2FE88D9E-16BE-4C6D-8390-EFC7086E5D5F}.Debug|Any CPU.Build.0 = Debug|Any CPU
		{2FE88D9E-16BE-4C6D-8390-EFC7086E5D5F}.Release|Any CPU.ActiveCfg = Release|Any CPU
		{2FE88D9E-16BE-4C6D-8390-EFC7086E5D5F}.Release|Any CPU.Build.0 = Release|Any CPU
		{37367CA3-25A7-4211-9380-A89C5489C932}.Debug|Any CPU.ActiveCfg = Debug|Any CPU
		{37367CA3-25A7-4211-9380-A89C5489C932}.Debug|Any CPU.Build.0 = Debug|Any CPU
		{37367CA3-25A7-4211-9380-A89C5489C932}.Release|Any CPU.ActiveCfg = Release|Any CPU
		{37367CA3-25A7-4211-9380-A89C5489C932}.Release|Any CPU.Build.0 = Release|Any CPU
		{B9224A71-0CBF-49F7-A0C5-97861F647153}.Debug|Any CPU.ActiveCfg = Debug|Any CPU
		{B9224A71-0CBF-49F7-A0C5-97861F647153}.Debug|Any CPU.Build.0 = Debug|Any CPU
		{B9224A71-0CBF-49F7-A0C5-97861F647153}.Release|Any CPU.ActiveCfg = Release|Any CPU
		{B9224A71-0CBF-49F7-A0C5-97861F647153}.Release|Any CPU.Build.0 = Release|Any CPU
		{4C47F696-B412-4170-B874-F730D7C213DD}.Debug|Any CPU.ActiveCfg = Debug|Any CPU
		{4C47F696-B412-4170-B874-F730D7C213DD}.Debug|Any CPU.Build.0 = Debug|Any CPU
		{4C47F696-B412-4170-B874-F730D7C213DD}.Release|Any CPU.ActiveCfg = Release|Any CPU
		{4C47F696-B412-4170-B874-F730D7C213DD}.Release|Any CPU.Build.0 = Release|Any CPU
		{51B6C6F7-C353-4A63-A402-08C6CF970190}.Debug|Any CPU.ActiveCfg = Debug|Any CPU
		{51B6C6F7-C353-4A63-A402-08C6CF970190}.Debug|Any CPU.Build.0 = Debug|Any CPU
		{51B6C6F7-C353-4A63-A402-08C6CF970190}.Release|Any CPU.ActiveCfg = Release|Any CPU
		{51B6C6F7-C353-4A63-A402-08C6CF970190}.Release|Any CPU.Build.0 = Release|Any CPU
		{CE7BA4D1-F850-4232-A495-C2888EA96FBE}.Debug|Any CPU.ActiveCfg = Debug|Any CPU
		{CE7BA4D1-F850-4232-A495-C2888EA96FBE}.Debug|Any CPU.Build.0 = Debug|Any CPU
		{CE7BA4D1-F850-4232-A495-C2888EA96FBE}.Release|Any CPU.ActiveCfg = Release|Any CPU
		{CE7BA4D1-F850-4232-A495-C2888EA96FBE}.Release|Any CPU.Build.0 = Release|Any CPU
		{565A4433-C422-47E5-9A9E-99B5C754745C}.Debug|Any CPU.ActiveCfg = Debug|Any CPU
		{565A4433-C422-47E5-9A9E-99B5C754745C}.Debug|Any CPU.Build.0 = Debug|Any CPU
		{565A4433-C422-47E5-9A9E-99B5C754745C}.Release|Any CPU.ActiveCfg = Release|Any CPU
		{565A4433-C422-47E5-9A9E-99B5C754745C}.Release|Any CPU.Build.0 = Release|Any CPU
		{5322C515-5100-42BA-A9EF-4BBA945DA112}.Debug|Any CPU.ActiveCfg = Debug|Any CPU
		{5322C515-5100-42BA-A9EF-4BBA945DA112}.Debug|Any CPU.Build.0 = Debug|Any CPU
		{5322C515-5100-42BA-A9EF-4BBA945DA112}.Release|Any CPU.ActiveCfg = Release|Any CPU
		{5322C515-5100-42BA-A9EF-4BBA945DA112}.Release|Any CPU.Build.0 = Release|Any CPU
		{0EFFB0EB-FC04-4022-8FE6-8F2C250DEAE8}.Debug|Any CPU.ActiveCfg = Debug|Any CPU
		{0EFFB0EB-FC04-4022-8FE6-8F2C250DEAE8}.Debug|Any CPU.Build.0 = Debug|Any CPU
		{0EFFB0EB-FC04-4022-8FE6-8F2C250DEAE8}.Release|Any CPU.ActiveCfg = Release|Any CPU
		{0EFFB0EB-FC04-4022-8FE6-8F2C250DEAE8}.Release|Any CPU.Build.0 = Release|Any CPU
		{2E37371B-9790-42EF-8CA9-BA759CB21A31}.Debug|Any CPU.ActiveCfg = Debug|Any CPU
		{2E37371B-9790-42EF-8CA9-BA759CB21A31}.Debug|Any CPU.Build.0 = Debug|Any CPU
		{2E37371B-9790-42EF-8CA9-BA759CB21A31}.Release|Any CPU.ActiveCfg = Release|Any CPU
		{2E37371B-9790-42EF-8CA9-BA759CB21A31}.Release|Any CPU.Build.0 = Release|Any CPU
	EndGlobalSection
	GlobalSection(SolutionProperties) = preSolution
		HideSolutionNode = FALSE
	EndGlobalSection
	GlobalSection(NestedProjects) = preSolution
		{D5D0C562-1E66-4BCC-99DE-0AD1C68F80D2} = {DA4CAE16-2F55-4F4E-A838-A8E9849DB568}
		{AEAC2679-1B2A-4B23-868F-E72D2317CA3F} = {F32C866C-E78E-40FB-8C8F-BCB1DDB24F8E}
		{91CCADE0-79BF-49B7-A15F-76FAE5087C38} = {AEAC2679-1B2A-4B23-868F-E72D2317CA3F}
		{A7BB5EFA-A0E1-4BF1-BA1E-16032A04405D} = {AEAC2679-1B2A-4B23-868F-E72D2317CA3F}
		{46F33E41-41D6-4A01-84A8-F601E0822596} = {AEAC2679-1B2A-4B23-868F-E72D2317CA3F}
		{084E6CC2-90AB-41E7-A663-5075C99D7C1D} = {D5D0C562-1E66-4BCC-99DE-0AD1C68F80D2}
		{D0120FA9-83C7-4134-9ADB-02095F548DB5} = {D5D0C562-1E66-4BCC-99DE-0AD1C68F80D2}
		{75F1460F-702C-40A4-9C76-E4932BD53353} = {D5D0C562-1E66-4BCC-99DE-0AD1C68F80D2}
		{7F43A021-8799-4A63-A6D3-2CA29D4FABEB} = {DA4CAE16-2F55-4F4E-A838-A8E9849DB568}
		{F32C866C-E78E-40FB-8C8F-BCB1DDB24F8E} = {DA4CAE16-2F55-4F4E-A838-A8E9849DB568}
		{5849F365-5F9A-4CAB-BADC-A2A94481307B} = {F32C866C-E78E-40FB-8C8F-BCB1DDB24F8E}
		{6CCBC3E6-FDBB-4154-900B-36C4E351CD91} = {24B6E1F2-11C5-4D60-B8DA-7CFE01D5C742}
		{7B410779-FD59-4A18-8103-F5C34009BE1F} = {24B6E1F2-11C5-4D60-B8DA-7CFE01D5C742}
		{24B6E1F2-11C5-4D60-B8DA-7CFE01D5C742} = {F32C866C-E78E-40FB-8C8F-BCB1DDB24F8E}
		{2FE88D9E-16BE-4C6D-8390-EFC7086E5D5F} = {5849F365-5F9A-4CAB-BADC-A2A94481307B}
		{37367CA3-25A7-4211-9380-A89C5489C932} = {46126DD0-F052-44A4-9055-B5C64CF25468}
		{B9224A71-0CBF-49F7-A0C5-97861F647153} = {46126DD0-F052-44A4-9055-B5C64CF25468}
		{AC238CBD-8026-4F9A-8E19-5B519E2B6CF8} = {F32C866C-E78E-40FB-8C8F-BCB1DDB24F8E}
		{8C92CE22-382C-4AE4-A9C0-A9DC1F3B7183} = {F32C866C-E78E-40FB-8C8F-BCB1DDB24F8E}
		{4C47F696-B412-4170-B874-F730D7C213DD} = {AC238CBD-8026-4F9A-8E19-5B519E2B6CF8}
		{51B6C6F7-C353-4A63-A402-08C6CF970190} = {8C92CE22-382C-4AE4-A9C0-A9DC1F3B7183}
		{32C16B17-2AA8-4E3F-A9C7-0C705229E925} = {F32C866C-E78E-40FB-8C8F-BCB1DDB24F8E}
		{FC3D0CEF-79FE-49CF-B388-8C9B36D8A396} = {F32C866C-E78E-40FB-8C8F-BCB1DDB24F8E}
		{CE7BA4D1-F850-4232-A495-C2888EA96FBE} = {32C16B17-2AA8-4E3F-A9C7-0C705229E925}
		{565A4433-C422-47E5-9A9E-99B5C754745C} = {FC3D0CEF-79FE-49CF-B388-8C9B36D8A396}
		{FA43DDA5-3A21-4991-9F37-9AF873BD2AF7} = {F32C866C-E78E-40FB-8C8F-BCB1DDB24F8E}
		{5322C515-5100-42BA-A9EF-4BBA945DA112} = {24B6E1F2-11C5-4D60-B8DA-7CFE01D5C742}
		{0EFFB0EB-FC04-4022-8FE6-8F2C250DEAE8} = {24B6E1F2-11C5-4D60-B8DA-7CFE01D5C742}
		{2E37371B-9790-42EF-8CA9-BA759CB21A31} = {24B6E1F2-11C5-4D60-B8DA-7CFE01D5C742}
	EndGlobalSection
EndGlobal
