
Microsoft Visual Studio Solution File, Format Version 12.00
# Visual Studio 15
VisualStudioVersion = 15.0.26228.4
MinimumVisualStudioVersion = 10.0.40219.1
Project("{2150E333-8FDC-42A3-9474-1A3956D46DE8}") = "Plugins", "Plugins", "{D5D0C562-1E66-4BCC-99DE-0AD1C68F80D2}"
EndProject
Project("{2150E333-8FDC-42A3-9474-1A3956D46DE8}") = "DAL", "DAL", "{AEAC2679-1B2A-4B23-868F-E72D2317CA3F}"
EndProject
Project("{2150E333-8FDC-42A3-9474-1A3956D46DE8}") = "Application", "Application", "{DA4CAE16-2F55-4F4E-A838-A8E9849DB568}"
EndProject
Project("{FAE04EC0-301F-11D3-BF4B-00C04F79EFBC}") = "Database", "Components\DAL\Database\Database.csproj", "{91CCADE0-79BF-49B7-A15F-76FAE5087C38}"
EndProject
Project("{FAE04EC0-301F-11D3-BF4B-00C04F79EFBC}") = "DTO", "Components\DAL\DTO\DTO.csproj", "{A7BB5EFA-A0E1-4BF1-BA1E-16032A04405D}"
EndProject
Project("{FAE04EC0-301F-11D3-BF4B-00C04F79EFBC}") = "Repositories", "Components\DAL\Repositories\Repositories.csproj", "{46F33E41-41D6-4A01-84A8-F601E0822596}"
EndProject
Project("{FAE04EC0-301F-11D3-BF4B-00C04F79EFBC}") = "CalculatorPlugin", "Plugins\CalculatorPlugin\CalculatorPlugin.csproj", "{084E6CC2-90AB-41E7-A663-5075C99D7C1D}"
EndProject
Project("{FAE04EC0-301F-11D3-BF4B-00C04F79EFBC}") = "PdfExporterPlugin", "Plugins\PdfExporterPlugin\PdfExporterPlugin.csproj", "{D0120FA9-83C7-4134-9ADB-02095F548DB5}"
EndProject
Project("{FAE04EC0-301F-11D3-BF4B-00C04F79EFBC}") = "XmlParsrtPlugin", "Plugins\XmlParsingPlugin\XmlParsrtPlugin.csproj", "{75F1460F-702C-40A4-9C76-E4932BD53353}"
EndProject
Project("{FAE04EC0-301F-11D3-BF4B-00C04F79EFBC}") = "LocalClient", "App\LocalClient.csproj", "{7F43A021-8799-4A63-A6D3-2CA29D4FABEB}"
EndProject
Project("{2150E333-8FDC-42A3-9474-1A3956D46DE8}") = "Components", "Components", "{F32C866C-E78E-40FB-8C8F-BCB1DDB24F8E}"
EndProject
Project("{2150E333-8FDC-42A3-9474-1A3956D46DE8}") = "Tests", "Tests", "{46126DD0-F052-44A4-9055-B5C64CF25468}"
EndProject
Project("{2150E333-8FDC-42A3-9474-1A3956D46DE8}") = "Validation", "Validation", "{5849F365-5F9A-4CAB-BADC-A2A94481307B}"
EndProject
Project("{FAE04EC0-301F-11D3-BF4B-00C04F79EFBC}") = "Abstraction", "Components\Core\Abstraction\Abstraction.csproj", "{6CCBC3E6-FDBB-4154-900B-36C4E351CD91}"
EndProject
Project("{FAE04EC0-301F-11D3-BF4B-00C04F79EFBC}") = "Interfaces", "Components\Core\Interfaces\Interfaces.csproj", "{7B410779-FD59-4A18-8103-F5C34009BE1F}"
EndProject
Project("{2150E333-8FDC-42A3-9474-1A3956D46DE8}") = "Core", "Core", "{24B6E1F2-11C5-4D60-B8DA-7CFE01D5C742}"
EndProject
Project("{FAE04EC0-301F-11D3-BF4B-00C04F79EFBC}") = "ValidationComponent", "Components\Validation\ValidationComponent\ValidationComponent.csproj", "{2FE88D9E-16BE-4C6D-8390-EFC7086E5D5F}"
EndProject
Project("{FAE04EC0-301F-11D3-BF4B-00C04F79EFBC}") = "PluginTests", "Tests\PluginTests\PluginTests.csproj", "{37367CA3-25A7-4211-9380-A89C5489C932}"
EndProject
Project("{FAE04EC0-301F-11D3-BF4B-00C04F79EFBC}") = "ComponentTests", "Tests\ComponentTests\ComponentTests.csproj", "{B9224A71-0CBF-49F7-A0C5-97861F647153}"
EndProject
Global
	GlobalSection(SolutionConfigurationPlatforms) = preSolution
		Debug|Any CPU = Debug|Any CPU
		Release|Any CPU = Release|Any CPU
	EndGlobalSection
	GlobalSection(ProjectConfigurationPlatforms) = postSolution
		{91CCADE0-79BF-49B7-A15F-76FAE5087C38}.Debug|Any CPU.ActiveCfg = Debug|Any CPU
		{91CCADE0-79BF-49B7-A15F-76FAE5087C38}.Debug|Any CPU.Build.0 = Debug|Any CPU
		{91CCADE0-79BF-49B7-A15F-76FAE5087C38}.Release|Any CPU.ActiveCfg = Release|Any CPU
		{91CCADE0-79BF-49B7-A15F-76FAE5087C38}.Release|Any CPU.Build.0 = Release|Any CPU
		{A7BB5EFA-A0E1-4BF1-BA1E-16032A04405D}.Debug|Any CPU.ActiveCfg = Debug|Any CPU
		{A7BB5EFA-A0E1-4BF1-BA1E-16032A04405D}.Debug|Any CPU.Build.0 = Debug|Any CPU
		{A7BB5EFA-A0E1-4BF1-BA1E-16032A04405D}.Release|Any CPU.ActiveCfg = Release|Any CPU
		{A7BB5EFA-A0E1-4BF1-BA1E-16032A04405D}.Release|Any CPU.Build.0 = Release|Any CPU
		{46F33E41-41D6-4A01-84A8-F601E0822596}.Debug|Any CPU.ActiveCfg = Debug|Any CPU
		{46F33E41-41D6-4A01-84A8-F601E0822596}.Debug|Any CPU.Build.0 = Debug|Any CPU
		{46F33E41-41D6-4A01-84A8-F601E0822596}.Release|Any CPU.ActiveCfg = Release|Any CPU
		{46F33E41-41D6-4A01-84A8-F601E0822596}.Release|Any CPU.Build.0 = Release|Any CPU
		{084E6CC2-90AB-41E7-A663-5075C99D7C1D}.Debug|Any CPU.ActiveCfg = Debug|Any CPU
		{084E6CC2-90AB-41E7-A663-5075C99D7C1D}.Debug|Any CPU.Build.0 = Debug|Any CPU
		{084E6CC2-90AB-41E7-A663-5075C99D7C1D}.Release|Any CPU.ActiveCfg = Release|Any CPU
		{084E6CC2-90AB-41E7-A663-5075C99D7C1D}.Release|Any CPU.Build.0 = Release|Any CPU
		{D0120FA9-83C7-4134-9ADB-02095F548DB5}.Debug|Any CPU.ActiveCfg = Debug|Any CPU
		{D0120FA9-83C7-4134-9ADB-02095F548DB5}.Debug|Any CPU.Build.0 = Debug|Any CPU
		{D0120FA9-83C7-4134-9ADB-02095F548DB5}.Release|Any CPU.ActiveCfg = Release|Any CPU
		{D0120FA9-83C7-4134-9ADB-02095F548DB5}.Release|Any CPU.Build.0 = Release|Any CPU
		{75F1460F-702C-40A4-9C76-E4932BD53353}.Debug|Any CPU.ActiveCfg = Debug|Any CPU
		{75F1460F-702C-40A4-9C76-E4932BD53353}.Debug|Any CPU.Build.0 = Debug|Any CPU
		{75F1460F-702C-40A4-9C76-E4932BD53353}.Release|Any CPU.ActiveCfg = Release|Any CPU
		{75F1460F-702C-40A4-9C76-E4932BD53353}.Release|Any CPU.Build.0 = Release|Any CPU
		{7F43A021-8799-4A63-A6D3-2CA29D4FABEB}.Debug|Any CPU.ActiveCfg = Debug|Any CPU
		{7F43A021-8799-4A63-A6D3-2CA29D4FABEB}.Debug|Any CPU.Build.0 = Debug|Any CPU
		{7F43A021-8799-4A63-A6D3-2CA29D4FABEB}.Release|Any CPU.ActiveCfg = Release|Any CPU
		{7F43A021-8799-4A63-A6D3-2CA29D4FABEB}.Release|Any CPU.Build.0 = Release|Any CPU
		{6CCBC3E6-FDBB-4154-900B-36C4E351CD91}.Debug|Any CPU.ActiveCfg = Debug|Any CPU
		{6CCBC3E6-FDBB-4154-900B-36C4E351CD91}.Debug|Any CPU.Build.0 = Debug|Any CPU
		{6CCBC3E6-FDBB-4154-900B-36C4E351CD91}.Release|Any CPU.ActiveCfg = Release|Any CPU
		{6CCBC3E6-FDBB-4154-900B-36C4E351CD91}.Release|Any CPU.Build.0 = Release|Any CPU
		{7B410779-FD59-4A18-8103-F5C34009BE1F}.Debug|Any CPU.ActiveCfg = Debug|Any CPU
		{7B410779-FD59-4A18-8103-F5C34009BE1F}.Debug|Any CPU.Build.0 = Debug|Any CPU
		{7B410779-FD59-4A18-8103-F5C34009BE1F}.Release|Any CPU.ActiveCfg = Release|Any CPU
		{7B410779-FD59-4A18-8103-F5C34009BE1F}.Release|Any CPU.Build.0 = Release|Any CPU
		{2FE88D9E-16BE-4C6D-8390-EFC7086E5D5F}.Debug|Any CPU.ActiveCfg = Debug|Any CPU
		{2FE88D9E-16BE-4C6D-8390-EFC7086E5D5F}.Debug|Any CPU.Build.0 = Debug|Any CPU
		{2FE88D9E-16BE-4C6D-8390-EFC7086E5D5F}.Release|Any CPU.ActiveCfg = Release|Any CPU
		{2FE88D9E-16BE-4C6D-8390-EFC7086E5D5F}.Release|Any CPU.Build.0 = Release|Any CPU
		{37367CA3-25A7-4211-9380-A89C5489C932}.Debug|Any CPU.ActiveCfg = Debug|Any CPU
		{37367CA3-25A7-4211-9380-A89C5489C932}.Debug|Any CPU.Build.0 = Debug|Any CPU
		{37367CA3-25A7-4211-9380-A89C5489C932}.Release|Any CPU.ActiveCfg = Release|Any CPU
		{37367CA3-25A7-4211-9380-A89C5489C932}.Release|Any CPU.Build.0 = Release|Any CPU
		{B9224A71-0CBF-49F7-A0C5-97861F647153}.Debug|Any CPU.ActiveCfg = Debug|Any CPU
		{B9224A71-0CBF-49F7-A0C5-97861F647153}.Debug|Any CPU.Build.0 = Debug|Any CPU
		{B9224A71-0CBF-49F7-A0C5-97861F647153}.Release|Any CPU.ActiveCfg = Release|Any CPU
		{B9224A71-0CBF-49F7-A0C5-97861F647153}.Release|Any CPU.Build.0 = Release|Any CPU
	EndGlobalSection
	GlobalSection(SolutionProperties) = preSolution
		HideSolutionNode = FALSE
	EndGlobalSection
	GlobalSection(NestedProjects) = preSolution
		{D5D0C562-1E66-4BCC-99DE-0AD1C68F80D2} = {DA4CAE16-2F55-4F4E-A838-A8E9849DB568}
		{AEAC2679-1B2A-4B23-868F-E72D2317CA3F} = {F32C866C-E78E-40FB-8C8F-BCB1DDB24F8E}
		{91CCADE0-79BF-49B7-A15F-76FAE5087C38} = {AEAC2679-1B2A-4B23-868F-E72D2317CA3F}
		{A7BB5EFA-A0E1-4BF1-BA1E-16032A04405D} = {AEAC2679-1B2A-4B23-868F-E72D2317CA3F}
		{46F33E41-41D6-4A01-84A8-F601E0822596} = {AEAC2679-1B2A-4B23-868F-E72D2317CA3F}
		{084E6CC2-90AB-41E7-A663-5075C99D7C1D} = {D5D0C562-1E66-4BCC-99DE-0AD1C68F80D2}
		{D0120FA9-83C7-4134-9ADB-02095F548DB5} = {D5D0C562-1E66-4BCC-99DE-0AD1C68F80D2}
		{75F1460F-702C-40A4-9C76-E4932BD53353} = {D5D0C562-1E66-4BCC-99DE-0AD1C68F80D2}
		{7F43A021-8799-4A63-A6D3-2CA29D4FABEB} = {DA4CAE16-2F55-4F4E-A838-A8E9849DB568}
		{F32C866C-E78E-40FB-8C8F-BCB1DDB24F8E} = {DA4CAE16-2F55-4F4E-A838-A8E9849DB568}
		{5849F365-5F9A-4CAB-BADC-A2A94481307B} = {F32C866C-E78E-40FB-8C8F-BCB1DDB24F8E}
		{6CCBC3E6-FDBB-4154-900B-36C4E351CD91} = {24B6E1F2-11C5-4D60-B8DA-7CFE01D5C742}
		{7B410779-FD59-4A18-8103-F5C34009BE1F} = {24B6E1F2-11C5-4D60-B8DA-7CFE01D5C742}
		{24B6E1F2-11C5-4D60-B8DA-7CFE01D5C742} = {F32C866C-E78E-40FB-8C8F-BCB1DDB24F8E}
		{2FE88D9E-16BE-4C6D-8390-EFC7086E5D5F} = {5849F365-5F9A-4CAB-BADC-A2A94481307B}
		{37367CA3-25A7-4211-9380-A89C5489C932} = {46126DD0-F052-44A4-9055-B5C64CF25468}
		{B9224A71-0CBF-49F7-A0C5-97861F647153} = {46126DD0-F052-44A4-9055-B5C64CF25468}
	EndGlobalSection
EndGlobal
