
Microsoft Visual Studio Solution File, Format Version 12.00
# Visual Studio 15
VisualStudioVersion = 15.0.26228.12
MinimumVisualStudioVersion = 10.0.40219.1
Project("{2150E333-8FDC-42A3-9474-1A3956D46DE8}") = "Tests", "Tests", "{4BD3DF2C-1473-45A9-8B08-BB7E0980F165}"
EndProject
Project("{FAE04EC0-301F-11D3-BF4B-00C04F79EFBC}") = "LocalClient", "LocalClient\LocalClient.csproj", "{7F43A021-8799-4A63-A6D3-2CA29D4FABEB}"
EndProject
Project("{2150E333-8FDC-42A3-9474-1A3956D46DE8}") = "Plugins", "Plugins", "{D5D0C562-1E66-4BCC-99DE-0AD1C68F80D2}"
EndProject
Project("{2150E333-8FDC-42A3-9474-1A3956D46DE8}") = "DAL", "DAL", "{AEAC2679-1B2A-4B23-868F-E72D2317CA3F}"
EndProject
Project("{FAE04EC0-301F-11D3-BF4B-00C04F79EFBC}") = "CalculatorPlugin", "CalculatorPlugin\CalculatorPlugin.csproj", "{084E6CC2-90AB-41E7-A663-5075C99D7C1D}"
EndProject
Project("{FAE04EC0-301F-11D3-BF4B-00C04F79EFBC}") = "XmlParsrtPlugin", "XmlParsingPlugin\XmlParsrtPlugin.csproj", "{75F1460F-702C-40A4-9C76-E4932BD53353}"
EndProject
Project("{FAE04EC0-301F-11D3-BF4B-00C04F79EFBC}") = "PdfExporterPlugin", "PdfExporterPlugin\PdfExporterPlugin.csproj", "{D0120FA9-83C7-4134-9ADB-02095F548DB5}"
EndProject
Project("{FAE04EC0-301F-11D3-BF4B-00C04F79EFBC}") = "Database", "Database\Database.csproj", "{91CCADE0-79BF-49B7-A15F-76FAE5087C38}"
EndProject
Project("{FAE04EC0-301F-11D3-BF4B-00C04F79EFBC}") = "Repositories", "Repositories\Repositories.csproj", "{46F33E41-41D6-4A01-84A8-F601E0822596}"
EndProject
Project("{FAE04EC0-301F-11D3-BF4B-00C04F79EFBC}") = "DTO", "DTO\DTO.csproj", "{A7BB5EFA-A0E1-4BF1-BA1E-16032A04405D}"
EndProject
Global
	GlobalSection(SolutionConfigurationPlatforms) = preSolution
		Debug|Any CPU = Debug|Any CPU
		Release|Any CPU = Release|Any CPU
	EndGlobalSection
	GlobalSection(ProjectConfigurationPlatforms) = postSolution
		{7F43A021-8799-4A63-A6D3-2CA29D4FABEB}.Debug|Any CPU.ActiveCfg = Debug|Any CPU
		{7F43A021-8799-4A63-A6D3-2CA29D4FABEB}.Debug|Any CPU.Build.0 = Debug|Any CPU
		{7F43A021-8799-4A63-A6D3-2CA29D4FABEB}.Release|Any CPU.ActiveCfg = Release|Any CPU
		{7F43A021-8799-4A63-A6D3-2CA29D4FABEB}.Release|Any CPU.Build.0 = Release|Any CPU
		{084E6CC2-90AB-41E7-A663-5075C99D7C1D}.Debug|Any CPU.ActiveCfg = Debug|Any CPU
		{084E6CC2-90AB-41E7-A663-5075C99D7C1D}.Debug|Any CPU.Build.0 = Debug|Any CPU
		{084E6CC2-90AB-41E7-A663-5075C99D7C1D}.Release|Any CPU.ActiveCfg = Release|Any CPU
		{084E6CC2-90AB-41E7-A663-5075C99D7C1D}.Release|Any CPU.Build.0 = Release|Any CPU
		{75F1460F-702C-40A4-9C76-E4932BD53353}.Debug|Any CPU.ActiveCfg = Debug|Any CPU
		{75F1460F-702C-40A4-9C76-E4932BD53353}.Debug|Any CPU.Build.0 = Debug|Any CPU
		{75F1460F-702C-40A4-9C76-E4932BD53353}.Release|Any CPU.ActiveCfg = Release|Any CPU
		{75F1460F-702C-40A4-9C76-E4932BD53353}.Release|Any CPU.Build.0 = Release|Any CPU
		{D0120FA9-83C7-4134-9ADB-02095F548DB5}.Debug|Any CPU.ActiveCfg = Debug|Any CPU
		{D0120FA9-83C7-4134-9ADB-02095F548DB5}.Debug|Any CPU.Build.0 = Debug|Any CPU
		{D0120FA9-83C7-4134-9ADB-02095F548DB5}.Release|Any CPU.ActiveCfg = Release|Any CPU
		{D0120FA9-83C7-4134-9ADB-02095F548DB5}.Release|Any CPU.Build.0 = Release|Any CPU
		{91CCADE0-79BF-49B7-A15F-76FAE5087C38}.Debug|Any CPU.ActiveCfg = Debug|Any CPU
		{91CCADE0-79BF-49B7-A15F-76FAE5087C38}.Debug|Any CPU.Build.0 = Debug|Any CPU
		{91CCADE0-79BF-49B7-A15F-76FAE5087C38}.Release|Any CPU.ActiveCfg = Release|Any CPU
		{91CCADE0-79BF-49B7-A15F-76FAE5087C38}.Release|Any CPU.Build.0 = Release|Any CPU
		{46F33E41-41D6-4A01-84A8-F601E0822596}.Debug|Any CPU.ActiveCfg = Debug|Any CPU
		{46F33E41-41D6-4A01-84A8-F601E0822596}.Debug|Any CPU.Build.0 = Debug|Any CPU
		{46F33E41-41D6-4A01-84A8-F601E0822596}.Release|Any CPU.ActiveCfg = Release|Any CPU
		{46F33E41-41D6-4A01-84A8-F601E0822596}.Release|Any CPU.Build.0 = Release|Any CPU
		{A7BB5EFA-A0E1-4BF1-BA1E-16032A04405D}.Debug|Any CPU.ActiveCfg = Debug|Any CPU
		{A7BB5EFA-A0E1-4BF1-BA1E-16032A04405D}.Debug|Any CPU.Build.0 = Debug|Any CPU
		{A7BB5EFA-A0E1-4BF1-BA1E-16032A04405D}.Release|Any CPU.ActiveCfg = Release|Any CPU
		{A7BB5EFA-A0E1-4BF1-BA1E-16032A04405D}.Release|Any CPU.Build.0 = Release|Any CPU
	EndGlobalSection
	GlobalSection(SolutionProperties) = preSolution
		HideSolutionNode = FALSE
	EndGlobalSection
	GlobalSection(NestedProjects) = preSolution
		{084E6CC2-90AB-41E7-A663-5075C99D7C1D} = {D5D0C562-1E66-4BCC-99DE-0AD1C68F80D2}
		{75F1460F-702C-40A4-9C76-E4932BD53353} = {D5D0C562-1E66-4BCC-99DE-0AD1C68F80D2}
		{D0120FA9-83C7-4134-9ADB-02095F548DB5} = {D5D0C562-1E66-4BCC-99DE-0AD1C68F80D2}
		{91CCADE0-79BF-49B7-A15F-76FAE5087C38} = {AEAC2679-1B2A-4B23-868F-E72D2317CA3F}
		{46F33E41-41D6-4A01-84A8-F601E0822596} = {AEAC2679-1B2A-4B23-868F-E72D2317CA3F}
		{A7BB5EFA-A0E1-4BF1-BA1E-16032A04405D} = {AEAC2679-1B2A-4B23-868F-E72D2317CA3F}
	EndGlobalSection
EndGlobal
